
Microsoft Visual Studio Solution File, Format Version 12.00
# Visual Studio 15
VisualStudioVersion = 15.0.26730.16
MinimumVisualStudioVersion = 10.0.40219.1
Project("{D954291E-2A0B-460D-934E-DC6B0785DB48}") = "mbi", "mbi\mbi\mbi.shproj", "{ACDC5F29-04B1-4DDF-A8BB-D62C5C045A0A}"
EndProject
Project("{FAE04EC0-301F-11D3-BF4B-00C04F79EFBC}") = "mbi.Android", "mbi\mbi.Android\mbi.Android.csproj", "{DCBC7546-D3F2-4139-ABAD-DFC1F90744E4}"
EndProject
Project("{FAE04EC0-301F-11D3-BF4B-00C04F79EFBC}") = "mbi.iOS", "mbi\mbi.iOS\mbi.iOS.csproj", "{19EB2355-31F9-4697-8536-7F3950108B97}"
EndProject
Project("{FAE04EC0-301F-11D3-BF4B-00C04F79EFBC}") = "mbi.UWP", "mbi\mbi.UWP\mbi.UWP.csproj", "{FB6EFA4A-E5E5-4764-BC46-9727F697BC96}"
EndProject
Project("{FAE04EC0-301F-11D3-BF4B-00C04F79EFBC}") = "mbi.macOS", "mbi\macOS\mbi.macOS.csproj", "{C16145A9-D629-4BE1-9483-809565BBA774}"
EndProject
Global
	GlobalSection(SharedMSBuildProjectFiles) = preSolution
		mbi\mbi\mbi.projitems*{19eb2355-31f9-4697-8536-7f3950108b97}*SharedItemsImports = 4
		mbi\mbi\mbi.projitems*{acdc5f29-04b1-4ddf-a8bb-d62c5c045a0a}*SharedItemsImports = 13
		mbi\mbi\mbi.projitems*{dcbc7546-d3f2-4139-abad-dfc1f90744e4}*SharedItemsImports = 4
		mbi\mbi\mbi.projitems*{fb6efa4a-e5e5-4764-bc46-9727f697bc96}*SharedItemsImports = 4
	EndGlobalSection
	GlobalSection(SolutionConfigurationPlatforms) = preSolution
		Ad-Hoc|Any CPU = Ad-Hoc|Any CPU
		Ad-Hoc|ARM = Ad-Hoc|ARM
		Ad-Hoc|iPhone = Ad-Hoc|iPhone
		Ad-Hoc|iPhoneSimulator = Ad-Hoc|iPhoneSimulator
		Ad-Hoc|x64 = Ad-Hoc|x64
		Ad-Hoc|x86 = Ad-Hoc|x86
		AppStore|Any CPU = AppStore|Any CPU
		AppStore|ARM = AppStore|ARM
		AppStore|iPhone = AppStore|iPhone
		AppStore|iPhoneSimulator = AppStore|iPhoneSimulator
		AppStore|x64 = AppStore|x64
		AppStore|x86 = AppStore|x86
		Debug|Any CPU = Debug|Any CPU
		Debug|ARM = Debug|ARM
		Debug|iPhone = Debug|iPhone
		Debug|iPhoneSimulator = Debug|iPhoneSimulator
		Debug|x64 = Debug|x64
		Debug|x86 = Debug|x86
		Release|Any CPU = Release|Any CPU
		Release|ARM = Release|ARM
		Release|iPhone = Release|iPhone
		Release|iPhoneSimulator = Release|iPhoneSimulator
		Release|x64 = Release|x64
		Release|x86 = Release|x86
	EndGlobalSection
	GlobalSection(ProjectConfigurationPlatforms) = postSolution
		{DCBC7546-D3F2-4139-ABAD-DFC1F90744E4}.Ad-Hoc|Any CPU.ActiveCfg = Release|Any CPU
		{DCBC7546-D3F2-4139-ABAD-DFC1F90744E4}.Ad-Hoc|Any CPU.Build.0 = Release|Any CPU
		{DCBC7546-D3F2-4139-ABAD-DFC1F90744E4}.Ad-Hoc|Any CPU.Deploy.0 = Release|Any CPU
		{DCBC7546-D3F2-4139-ABAD-DFC1F90744E4}.Ad-Hoc|ARM.ActiveCfg = Release|Any CPU
		{DCBC7546-D3F2-4139-ABAD-DFC1F90744E4}.Ad-Hoc|ARM.Build.0 = Release|Any CPU
		{DCBC7546-D3F2-4139-ABAD-DFC1F90744E4}.Ad-Hoc|ARM.Deploy.0 = Release|Any CPU
		{DCBC7546-D3F2-4139-ABAD-DFC1F90744E4}.Ad-Hoc|iPhone.ActiveCfg = Release|Any CPU
		{DCBC7546-D3F2-4139-ABAD-DFC1F90744E4}.Ad-Hoc|iPhone.Build.0 = Release|Any CPU
		{DCBC7546-D3F2-4139-ABAD-DFC1F90744E4}.Ad-Hoc|iPhone.Deploy.0 = Release|Any CPU
		{DCBC7546-D3F2-4139-ABAD-DFC1F90744E4}.Ad-Hoc|iPhoneSimulator.ActiveCfg = Release|Any CPU
		{DCBC7546-D3F2-4139-ABAD-DFC1F90744E4}.Ad-Hoc|iPhoneSimulator.Build.0 = Release|Any CPU
		{DCBC7546-D3F2-4139-ABAD-DFC1F90744E4}.Ad-Hoc|iPhoneSimulator.Deploy.0 = Release|Any CPU
		{DCBC7546-D3F2-4139-ABAD-DFC1F90744E4}.Ad-Hoc|x64.ActiveCfg = Release|Any CPU
		{DCBC7546-D3F2-4139-ABAD-DFC1F90744E4}.Ad-Hoc|x64.Build.0 = Release|Any CPU
		{DCBC7546-D3F2-4139-ABAD-DFC1F90744E4}.Ad-Hoc|x64.Deploy.0 = Release|Any CPU
		{DCBC7546-D3F2-4139-ABAD-DFC1F90744E4}.Ad-Hoc|x86.ActiveCfg = Release|Any CPU
		{DCBC7546-D3F2-4139-ABAD-DFC1F90744E4}.Ad-Hoc|x86.Build.0 = Release|Any CPU
		{DCBC7546-D3F2-4139-ABAD-DFC1F90744E4}.Ad-Hoc|x86.Deploy.0 = Release|Any CPU
		{DCBC7546-D3F2-4139-ABAD-DFC1F90744E4}.AppStore|Any CPU.ActiveCfg = Release|Any CPU
		{DCBC7546-D3F2-4139-ABAD-DFC1F90744E4}.AppStore|Any CPU.Build.0 = Release|Any CPU
		{DCBC7546-D3F2-4139-ABAD-DFC1F90744E4}.AppStore|Any CPU.Deploy.0 = Release|Any CPU
		{DCBC7546-D3F2-4139-ABAD-DFC1F90744E4}.AppStore|ARM.ActiveCfg = Release|Any CPU
		{DCBC7546-D3F2-4139-ABAD-DFC1F90744E4}.AppStore|ARM.Build.0 = Release|Any CPU
		{DCBC7546-D3F2-4139-ABAD-DFC1F90744E4}.AppStore|ARM.Deploy.0 = Release|Any CPU
		{DCBC7546-D3F2-4139-ABAD-DFC1F90744E4}.AppStore|iPhone.ActiveCfg = Release|Any CPU
		{DCBC7546-D3F2-4139-ABAD-DFC1F90744E4}.AppStore|iPhone.Build.0 = Release|Any CPU
		{DCBC7546-D3F2-4139-ABAD-DFC1F90744E4}.AppStore|iPhone.Deploy.0 = Release|Any CPU
		{DCBC7546-D3F2-4139-ABAD-DFC1F90744E4}.AppStore|iPhoneSimulator.ActiveCfg = Release|Any CPU
		{DCBC7546-D3F2-4139-ABAD-DFC1F90744E4}.AppStore|iPhoneSimulator.Build.0 = Release|Any CPU
		{DCBC7546-D3F2-4139-ABAD-DFC1F90744E4}.AppStore|iPhoneSimulator.Deploy.0 = Release|Any CPU
		{DCBC7546-D3F2-4139-ABAD-DFC1F90744E4}.AppStore|x64.ActiveCfg = Release|Any CPU
		{DCBC7546-D3F2-4139-ABAD-DFC1F90744E4}.AppStore|x64.Build.0 = Release|Any CPU
		{DCBC7546-D3F2-4139-ABAD-DFC1F90744E4}.AppStore|x64.Deploy.0 = Release|Any CPU
		{DCBC7546-D3F2-4139-ABAD-DFC1F90744E4}.AppStore|x86.ActiveCfg = Release|Any CPU
		{DCBC7546-D3F2-4139-ABAD-DFC1F90744E4}.AppStore|x86.Build.0 = Release|Any CPU
		{DCBC7546-D3F2-4139-ABAD-DFC1F90744E4}.AppStore|x86.Deploy.0 = Release|Any CPU
		{DCBC7546-D3F2-4139-ABAD-DFC1F90744E4}.Debug|Any CPU.ActiveCfg = Debug|Any CPU
		{DCBC7546-D3F2-4139-ABAD-DFC1F90744E4}.Debug|Any CPU.Build.0 = Debug|Any CPU
		{DCBC7546-D3F2-4139-ABAD-DFC1F90744E4}.Debug|Any CPU.Deploy.0 = Debug|Any CPU
		{DCBC7546-D3F2-4139-ABAD-DFC1F90744E4}.Debug|ARM.ActiveCfg = Debug|Any CPU
		{DCBC7546-D3F2-4139-ABAD-DFC1F90744E4}.Debug|ARM.Build.0 = Debug|Any CPU
		{DCBC7546-D3F2-4139-ABAD-DFC1F90744E4}.Debug|ARM.Deploy.0 = Debug|Any CPU
		{DCBC7546-D3F2-4139-ABAD-DFC1F90744E4}.Debug|iPhone.ActiveCfg = Debug|Any CPU
		{DCBC7546-D3F2-4139-ABAD-DFC1F90744E4}.Debug|iPhone.Build.0 = Debug|Any CPU
		{DCBC7546-D3F2-4139-ABAD-DFC1F90744E4}.Debug|iPhone.Deploy.0 = Debug|Any CPU
		{DCBC7546-D3F2-4139-ABAD-DFC1F90744E4}.Debug|iPhoneSimulator.ActiveCfg = Debug|Any CPU
		{DCBC7546-D3F2-4139-ABAD-DFC1F90744E4}.Debug|iPhoneSimulator.Build.0 = Debug|Any CPU
		{DCBC7546-D3F2-4139-ABAD-DFC1F90744E4}.Debug|iPhoneSimulator.Deploy.0 = Debug|Any CPU
		{DCBC7546-D3F2-4139-ABAD-DFC1F90744E4}.Debug|x64.ActiveCfg = Debug|Any CPU
		{DCBC7546-D3F2-4139-ABAD-DFC1F90744E4}.Debug|x64.Build.0 = Debug|Any CPU
		{DCBC7546-D3F2-4139-ABAD-DFC1F90744E4}.Debug|x64.Deploy.0 = Debug|Any CPU
		{DCBC7546-D3F2-4139-ABAD-DFC1F90744E4}.Debug|x86.ActiveCfg = Debug|Any CPU
		{DCBC7546-D3F2-4139-ABAD-DFC1F90744E4}.Debug|x86.Build.0 = Debug|Any CPU
		{DCBC7546-D3F2-4139-ABAD-DFC1F90744E4}.Debug|x86.Deploy.0 = Debug|Any CPU
		{DCBC7546-D3F2-4139-ABAD-DFC1F90744E4}.Release|Any CPU.ActiveCfg = Release|Any CPU
		{DCBC7546-D3F2-4139-ABAD-DFC1F90744E4}.Release|Any CPU.Build.0 = Release|Any CPU
		{DCBC7546-D3F2-4139-ABAD-DFC1F90744E4}.Release|Any CPU.Deploy.0 = Release|Any CPU
		{DCBC7546-D3F2-4139-ABAD-DFC1F90744E4}.Release|ARM.ActiveCfg = Release|Any CPU
		{DCBC7546-D3F2-4139-ABAD-DFC1F90744E4}.Release|ARM.Build.0 = Release|Any CPU
		{DCBC7546-D3F2-4139-ABAD-DFC1F90744E4}.Release|ARM.Deploy.0 = Release|Any CPU
		{DCBC7546-D3F2-4139-ABAD-DFC1F90744E4}.Release|iPhone.ActiveCfg = Release|Any CPU
		{DCBC7546-D3F2-4139-ABAD-DFC1F90744E4}.Release|iPhone.Build.0 = Release|Any CPU
		{DCBC7546-D3F2-4139-ABAD-DFC1F90744E4}.Release|iPhone.Deploy.0 = Release|Any CPU
		{DCBC7546-D3F2-4139-ABAD-DFC1F90744E4}.Release|iPhoneSimulator.ActiveCfg = Release|Any CPU
		{DCBC7546-D3F2-4139-ABAD-DFC1F90744E4}.Release|iPhoneSimulator.Build.0 = Release|Any CPU
		{DCBC7546-D3F2-4139-ABAD-DFC1F90744E4}.Release|iPhoneSimulator.Deploy.0 = Release|Any CPU
		{DCBC7546-D3F2-4139-ABAD-DFC1F90744E4}.Release|x64.ActiveCfg = Release|Any CPU
		{DCBC7546-D3F2-4139-ABAD-DFC1F90744E4}.Release|x64.Build.0 = Release|Any CPU
		{DCBC7546-D3F2-4139-ABAD-DFC1F90744E4}.Release|x64.Deploy.0 = Release|Any CPU
		{DCBC7546-D3F2-4139-ABAD-DFC1F90744E4}.Release|x86.ActiveCfg = Release|Any CPU
		{DCBC7546-D3F2-4139-ABAD-DFC1F90744E4}.Release|x86.Build.0 = Release|Any CPU
		{DCBC7546-D3F2-4139-ABAD-DFC1F90744E4}.Release|x86.Deploy.0 = Release|Any CPU
		{19EB2355-31F9-4697-8536-7F3950108B97}.Ad-Hoc|Any CPU.ActiveCfg = Ad-Hoc|iPhone
		{19EB2355-31F9-4697-8536-7F3950108B97}.Ad-Hoc|ARM.ActiveCfg = Ad-Hoc|iPhone
		{19EB2355-31F9-4697-8536-7F3950108B97}.Ad-Hoc|iPhone.ActiveCfg = Ad-Hoc|iPhone
		{19EB2355-31F9-4697-8536-7F3950108B97}.Ad-Hoc|iPhone.Build.0 = Ad-Hoc|iPhone
		{19EB2355-31F9-4697-8536-7F3950108B97}.Ad-Hoc|iPhoneSimulator.ActiveCfg = Ad-Hoc|iPhoneSimulator
		{19EB2355-31F9-4697-8536-7F3950108B97}.Ad-Hoc|iPhoneSimulator.Build.0 = Ad-Hoc|iPhoneSimulator
		{19EB2355-31F9-4697-8536-7F3950108B97}.Ad-Hoc|x64.ActiveCfg = Ad-Hoc|iPhone
		{19EB2355-31F9-4697-8536-7F3950108B97}.Ad-Hoc|x86.ActiveCfg = Ad-Hoc|iPhone
		{19EB2355-31F9-4697-8536-7F3950108B97}.AppStore|Any CPU.ActiveCfg = AppStore|iPhone
		{19EB2355-31F9-4697-8536-7F3950108B97}.AppStore|ARM.ActiveCfg = AppStore|iPhone
		{19EB2355-31F9-4697-8536-7F3950108B97}.AppStore|iPhone.ActiveCfg = AppStore|iPhone
		{19EB2355-31F9-4697-8536-7F3950108B97}.AppStore|iPhone.Build.0 = AppStore|iPhone
		{19EB2355-31F9-4697-8536-7F3950108B97}.AppStore|iPhoneSimulator.ActiveCfg = AppStore|iPhoneSimulator
		{19EB2355-31F9-4697-8536-7F3950108B97}.AppStore|iPhoneSimulator.Build.0 = AppStore|iPhoneSimulator
		{19EB2355-31F9-4697-8536-7F3950108B97}.AppStore|x64.ActiveCfg = AppStore|iPhone
		{19EB2355-31F9-4697-8536-7F3950108B97}.AppStore|x86.ActiveCfg = AppStore|iPhone
		{19EB2355-31F9-4697-8536-7F3950108B97}.Debug|Any CPU.ActiveCfg = Debug|iPhoneSimulator
		{19EB2355-31F9-4697-8536-7F3950108B97}.Debug|Any CPU.Build.0 = Debug|iPhoneSimulator
		{19EB2355-31F9-4697-8536-7F3950108B97}.Debug|ARM.ActiveCfg = Debug|iPhone
		{19EB2355-31F9-4697-8536-7F3950108B97}.Debug|iPhone.ActiveCfg = Debug|iPhone
		{19EB2355-31F9-4697-8536-7F3950108B97}.Debug|iPhone.Build.0 = Debug|iPhone
		{19EB2355-31F9-4697-8536-7F3950108B97}.Debug|iPhoneSimulator.ActiveCfg = Debug|iPhoneSimulator
		{19EB2355-31F9-4697-8536-7F3950108B97}.Debug|iPhoneSimulator.Build.0 = Debug|iPhoneSimulator
		{19EB2355-31F9-4697-8536-7F3950108B97}.Debug|x64.ActiveCfg = Debug|iPhone
		{19EB2355-31F9-4697-8536-7F3950108B97}.Debug|x86.ActiveCfg = Debug|iPhone
		{19EB2355-31F9-4697-8536-7F3950108B97}.Release|Any CPU.ActiveCfg = Release|iPhone
		{19EB2355-31F9-4697-8536-7F3950108B97}.Release|ARM.ActiveCfg = Release|iPhone
		{19EB2355-31F9-4697-8536-7F3950108B97}.Release|iPhone.ActiveCfg = Release|iPhone
		{19EB2355-31F9-4697-8536-7F3950108B97}.Release|iPhone.Build.0 = Release|iPhone
		{19EB2355-31F9-4697-8536-7F3950108B97}.Release|iPhoneSimulator.ActiveCfg = Release|iPhoneSimulator
		{19EB2355-31F9-4697-8536-7F3950108B97}.Release|iPhoneSimulator.Build.0 = Release|iPhoneSimulator
		{19EB2355-31F9-4697-8536-7F3950108B97}.Release|x64.ActiveCfg = Release|iPhone
		{19EB2355-31F9-4697-8536-7F3950108B97}.Release|x86.ActiveCfg = Release|iPhone
		{FB6EFA4A-E5E5-4764-BC46-9727F697BC96}.Ad-Hoc|Any CPU.ActiveCfg = Release|x86
		{FB6EFA4A-E5E5-4764-BC46-9727F697BC96}.Ad-Hoc|Any CPU.Build.0 = Release|x86
		{FB6EFA4A-E5E5-4764-BC46-9727F697BC96}.Ad-Hoc|Any CPU.Deploy.0 = Release|x86
		{FB6EFA4A-E5E5-4764-BC46-9727F697BC96}.Ad-Hoc|ARM.ActiveCfg = Release|ARM
		{FB6EFA4A-E5E5-4764-BC46-9727F697BC96}.Ad-Hoc|ARM.Build.0 = Release|ARM
		{FB6EFA4A-E5E5-4764-BC46-9727F697BC96}.Ad-Hoc|ARM.Deploy.0 = Release|ARM
		{FB6EFA4A-E5E5-4764-BC46-9727F697BC96}.Ad-Hoc|iPhone.ActiveCfg = Release|x86
		{FB6EFA4A-E5E5-4764-BC46-9727F697BC96}.Ad-Hoc|iPhone.Build.0 = Release|x86
		{FB6EFA4A-E5E5-4764-BC46-9727F697BC96}.Ad-Hoc|iPhone.Deploy.0 = Release|x86
		{FB6EFA4A-E5E5-4764-BC46-9727F697BC96}.Ad-Hoc|iPhoneSimulator.ActiveCfg = Release|x86
		{FB6EFA4A-E5E5-4764-BC46-9727F697BC96}.Ad-Hoc|iPhoneSimulator.Build.0 = Release|x86
		{FB6EFA4A-E5E5-4764-BC46-9727F697BC96}.Ad-Hoc|iPhoneSimulator.Deploy.0 = Release|x86
		{FB6EFA4A-E5E5-4764-BC46-9727F697BC96}.Ad-Hoc|x64.ActiveCfg = Release|x64
		{FB6EFA4A-E5E5-4764-BC46-9727F697BC96}.Ad-Hoc|x64.Build.0 = Release|x64
		{FB6EFA4A-E5E5-4764-BC46-9727F697BC96}.Ad-Hoc|x64.Deploy.0 = Release|x64
		{FB6EFA4A-E5E5-4764-BC46-9727F697BC96}.Ad-Hoc|x86.ActiveCfg = Release|x86
		{FB6EFA4A-E5E5-4764-BC46-9727F697BC96}.Ad-Hoc|x86.Build.0 = Release|x86
		{FB6EFA4A-E5E5-4764-BC46-9727F697BC96}.Ad-Hoc|x86.Deploy.0 = Release|x86
		{FB6EFA4A-E5E5-4764-BC46-9727F697BC96}.AppStore|Any CPU.ActiveCfg = Release|x86
		{FB6EFA4A-E5E5-4764-BC46-9727F697BC96}.AppStore|Any CPU.Build.0 = Release|x86
		{FB6EFA4A-E5E5-4764-BC46-9727F697BC96}.AppStore|Any CPU.Deploy.0 = Release|x86
		{FB6EFA4A-E5E5-4764-BC46-9727F697BC96}.AppStore|ARM.ActiveCfg = Release|ARM
		{FB6EFA4A-E5E5-4764-BC46-9727F697BC96}.AppStore|ARM.Build.0 = Release|ARM
		{FB6EFA4A-E5E5-4764-BC46-9727F697BC96}.AppStore|ARM.Deploy.0 = Release|ARM
		{FB6EFA4A-E5E5-4764-BC46-9727F697BC96}.AppStore|iPhone.ActiveCfg = Release|x86
		{FB6EFA4A-E5E5-4764-BC46-9727F697BC96}.AppStore|iPhone.Build.0 = Release|x86
		{FB6EFA4A-E5E5-4764-BC46-9727F697BC96}.AppStore|iPhone.Deploy.0 = Release|x86
		{FB6EFA4A-E5E5-4764-BC46-9727F697BC96}.AppStore|iPhoneSimulator.ActiveCfg = Release|x86
		{FB6EFA4A-E5E5-4764-BC46-9727F697BC96}.AppStore|iPhoneSimulator.Build.0 = Release|x86
		{FB6EFA4A-E5E5-4764-BC46-9727F697BC96}.AppStore|iPhoneSimulator.Deploy.0 = Release|x86
		{FB6EFA4A-E5E5-4764-BC46-9727F697BC96}.AppStore|x64.ActiveCfg = Release|x64
		{FB6EFA4A-E5E5-4764-BC46-9727F697BC96}.AppStore|x64.Build.0 = Release|x64
		{FB6EFA4A-E5E5-4764-BC46-9727F697BC96}.AppStore|x64.Deploy.0 = Release|x64
		{FB6EFA4A-E5E5-4764-BC46-9727F697BC96}.AppStore|x86.ActiveCfg = Release|x86
		{FB6EFA4A-E5E5-4764-BC46-9727F697BC96}.AppStore|x86.Build.0 = Release|x86
		{FB6EFA4A-E5E5-4764-BC46-9727F697BC96}.AppStore|x86.Deploy.0 = Release|x86
		{FB6EFA4A-E5E5-4764-BC46-9727F697BC96}.Debug|Any CPU.ActiveCfg = Debug|x86
		{FB6EFA4A-E5E5-4764-BC46-9727F697BC96}.Debug|ARM.ActiveCfg = Debug|ARM
		{FB6EFA4A-E5E5-4764-BC46-9727F697BC96}.Debug|ARM.Build.0 = Debug|ARM
		{FB6EFA4A-E5E5-4764-BC46-9727F697BC96}.Debug|ARM.Deploy.0 = Debug|ARM
		{FB6EFA4A-E5E5-4764-BC46-9727F697BC96}.Debug|iPhone.ActiveCfg = Debug|x86
		{FB6EFA4A-E5E5-4764-BC46-9727F697BC96}.Debug|iPhoneSimulator.ActiveCfg = Debug|x86
		{FB6EFA4A-E5E5-4764-BC46-9727F697BC96}.Debug|x64.ActiveCfg = Debug|x64
		{FB6EFA4A-E5E5-4764-BC46-9727F697BC96}.Debug|x64.Build.0 = Debug|x64
		{FB6EFA4A-E5E5-4764-BC46-9727F697BC96}.Debug|x64.Deploy.0 = Debug|x64
		{FB6EFA4A-E5E5-4764-BC46-9727F697BC96}.Debug|x86.ActiveCfg = Debug|x86
		{FB6EFA4A-E5E5-4764-BC46-9727F697BC96}.Debug|x86.Build.0 = Debug|x86
		{FB6EFA4A-E5E5-4764-BC46-9727F697BC96}.Debug|x86.Deploy.0 = Debug|x86
		{FB6EFA4A-E5E5-4764-BC46-9727F697BC96}.Release|Any CPU.ActiveCfg = Release|x86
		{FB6EFA4A-E5E5-4764-BC46-9727F697BC96}.Release|ARM.ActiveCfg = Release|ARM
		{FB6EFA4A-E5E5-4764-BC46-9727F697BC96}.Release|ARM.Build.0 = Release|ARM
		{FB6EFA4A-E5E5-4764-BC46-9727F697BC96}.Release|ARM.Deploy.0 = Release|ARM
		{FB6EFA4A-E5E5-4764-BC46-9727F697BC96}.Release|iPhone.ActiveCfg = Release|x86
		{FB6EFA4A-E5E5-4764-BC46-9727F697BC96}.Release|iPhoneSimulator.ActiveCfg = Release|x86
		{FB6EFA4A-E5E5-4764-BC46-9727F697BC96}.Release|x64.ActiveCfg = Release|x64
		{FB6EFA4A-E5E5-4764-BC46-9727F697BC96}.Release|x64.Build.0 = Release|x64
		{FB6EFA4A-E5E5-4764-BC46-9727F697BC96}.Release|x64.Deploy.0 = Release|x64
		{FB6EFA4A-E5E5-4764-BC46-9727F697BC96}.Release|x86.ActiveCfg = Release|x86
		{FB6EFA4A-E5E5-4764-BC46-9727F697BC96}.Release|x86.Build.0 = Release|x86
		{FB6EFA4A-E5E5-4764-BC46-9727F697BC96}.Release|x86.Deploy.0 = Release|x86
		{C16145A9-D629-4BE1-9483-809565BBA774}.Ad-Hoc|Any CPU.ActiveCfg = Release|Any CPU
		{C16145A9-D629-4BE1-9483-809565BBA774}.Ad-Hoc|Any CPU.Build.0 = Release|Any CPU
		{C16145A9-D629-4BE1-9483-809565BBA774}.Ad-Hoc|ARM.ActiveCfg = Release|Any CPU
		{C16145A9-D629-4BE1-9483-809565BBA774}.Ad-Hoc|ARM.Build.0 = Release|Any CPU
		{C16145A9-D629-4BE1-9483-809565BBA774}.Ad-Hoc|iPhone.ActiveCfg = Release|Any CPU
		{C16145A9-D629-4BE1-9483-809565BBA774}.Ad-Hoc|iPhone.Build.0 = Release|Any CPU
		{C16145A9-D629-4BE1-9483-809565BBA774}.Ad-Hoc|iPhoneSimulator.ActiveCfg = Release|Any CPU
		{C16145A9-D629-4BE1-9483-809565BBA774}.Ad-Hoc|iPhoneSimulator.Build.0 = Release|Any CPU
		{C16145A9-D629-4BE1-9483-809565BBA774}.Ad-Hoc|x64.ActiveCfg = Release|Any CPU
		{C16145A9-D629-4BE1-9483-809565BBA774}.Ad-Hoc|x64.Build.0 = Release|Any CPU
		{C16145A9-D629-4BE1-9483-809565BBA774}.Ad-Hoc|x86.ActiveCfg = Release|Any CPU
		{C16145A9-D629-4BE1-9483-809565BBA774}.Ad-Hoc|x86.Build.0 = Release|Any CPU
		{C16145A9-D629-4BE1-9483-809565BBA774}.AppStore|Any CPU.ActiveCfg = Release|Any CPU
		{C16145A9-D629-4BE1-9483-809565BBA774}.AppStore|Any CPU.Build.0 = Release|Any CPU
		{C16145A9-D629-4BE1-9483-809565BBA774}.AppStore|ARM.ActiveCfg = Release|Any CPU
		{C16145A9-D629-4BE1-9483-809565BBA774}.AppStore|ARM.Build.0 = Release|Any CPU
		{C16145A9-D629-4BE1-9483-809565BBA774}.AppStore|iPhone.ActiveCfg = Release|Any CPU
		{C16145A9-D629-4BE1-9483-809565BBA774}.AppStore|iPhone.Build.0 = Release|Any CPU
		{C16145A9-D629-4BE1-9483-809565BBA774}.AppStore|iPhoneSimulator.ActiveCfg = Release|Any CPU
		{C16145A9-D629-4BE1-9483-809565BBA774}.AppStore|iPhoneSimulator.Build.0 = Release|Any CPU
		{C16145A9-D629-4BE1-9483-809565BBA774}.AppStore|x64.ActiveCfg = Release|Any CPU
		{C16145A9-D629-4BE1-9483-809565BBA774}.AppStore|x64.Build.0 = Release|Any CPU
		{C16145A9-D629-4BE1-9483-809565BBA774}.AppStore|x86.ActiveCfg = Release|Any CPU
		{C16145A9-D629-4BE1-9483-809565BBA774}.AppStore|x86.Build.0 = Release|Any CPU
		{C16145A9-D629-4BE1-9483-809565BBA774}.Debug|Any CPU.ActiveCfg = Debug|Any CPU
		{C16145A9-D629-4BE1-9483-809565BBA774}.Debug|Any CPU.Build.0 = Debug|Any CPU
		{C16145A9-D629-4BE1-9483-809565BBA774}.Debug|ARM.ActiveCfg = Debug|Any CPU
		{C16145A9-D629-4BE1-9483-809565BBA774}.Debug|ARM.Build.0 = Debug|Any CPU
		{C16145A9-D629-4BE1-9483-809565BBA774}.Debug|iPhone.ActiveCfg = Debug|Any CPU
		{C16145A9-D629-4BE1-9483-809565BBA774}.Debug|iPhone.Build.0 = Debug|Any CPU
		{C16145A9-D629-4BE1-9483-809565BBA774}.Debug|iPhoneSimulator.ActiveCfg = Debug|Any CPU
		{C16145A9-D629-4BE1-9483-809565BBA774}.Debug|iPhoneSimulator.Build.0 = Debug|Any CPU
		{C16145A9-D629-4BE1-9483-809565BBA774}.Debug|x64.ActiveCfg = Debug|Any CPU
		{C16145A9-D629-4BE1-9483-809565BBA774}.Debug|x64.Build.0 = Debug|Any CPU
		{C16145A9-D629-4BE1-9483-809565BBA774}.Debug|x86.ActiveCfg = Debug|Any CPU
		{C16145A9-D629-4BE1-9483-809565BBA774}.Debug|x86.Build.0 = Debug|Any CPU
		{C16145A9-D629-4BE1-9483-809565BBA774}.Release|Any CPU.ActiveCfg = Release|Any CPU
		{C16145A9-D629-4BE1-9483-809565BBA774}.Release|Any CPU.Build.0 = Release|Any CPU
		{C16145A9-D629-4BE1-9483-809565BBA774}.Release|ARM.ActiveCfg = Release|Any CPU
		{C16145A9-D629-4BE1-9483-809565BBA774}.Release|ARM.Build.0 = Release|Any CPU
		{C16145A9-D629-4BE1-9483-809565BBA774}.Release|iPhone.ActiveCfg = Release|Any CPU
		{C16145A9-D629-4BE1-9483-809565BBA774}.Release|iPhone.Build.0 = Release|Any CPU
		{C16145A9-D629-4BE1-9483-809565BBA774}.Release|iPhoneSimulator.ActiveCfg = Release|Any CPU
		{C16145A9-D629-4BE1-9483-809565BBA774}.Release|iPhoneSimulator.Build.0 = Release|Any CPU
		{C16145A9-D629-4BE1-9483-809565BBA774}.Release|x64.ActiveCfg = Release|Any CPU
		{C16145A9-D629-4BE1-9483-809565BBA774}.Release|x64.Build.0 = Release|Any CPU
		{C16145A9-D629-4BE1-9483-809565BBA774}.Release|x86.ActiveCfg = Release|Any CPU
		{C16145A9-D629-4BE1-9483-809565BBA774}.Release|x86.Build.0 = Release|Any CPU
	EndGlobalSection
	GlobalSection(SolutionProperties) = preSolution
		HideSolutionNode = FALSE
	EndGlobalSection
	GlobalSection(ExtensibilityGlobals) = postSolution
		SolutionGuid = {7F5D4FF8-3E5E-44C9-AB7F-5272BDBDFC21}
	EndGlobalSection
EndGlobal
