// !$*UTF8*$!
{
	archiveVersion = 1;
	classes = {
	};
	objectVersion = 48;
	objects = {

/* Begin PBXBuildFile section */
		E507F67F20360C160058280A /* NewExamView.swift in Sources */ = {isa = PBXBuildFile; fileRef = E507F67E20360C160058280A /* NewExamView.swift */; };
		E507F68120360CC00058280A /* ExamsTab.storyboard in Resources */ = {isa = PBXBuildFile; fileRef = E507F68020360CC00058280A /* ExamsTab.storyboard */; };
		E507F68320360CCB0058280A /* PatientsTab.storyboard in Resources */ = {isa = PBXBuildFile; fileRef = E507F68220360CCB0058280A /* PatientsTab.storyboard */; };
		E507F685203627360058280A /* SelectMeasureView.swift in Sources */ = {isa = PBXBuildFile; fileRef = E507F684203627360058280A /* SelectMeasureView.swift */; };
		E5233B41203761B700F8E92F /* MeasuresDataSource.swift in Sources */ = {isa = PBXBuildFile; fileRef = E5233B40203761B700F8E92F /* MeasuresDataSource.swift */; };
		E5233B432037620B00F8E92F /* Measure.swift in Sources */ = {isa = PBXBuildFile; fileRef = E5233B422037620B00F8E92F /* Measure.swift */; };
		E5233B452037690800F8E92F /* MeasureCell.swift in Sources */ = {isa = PBXBuildFile; fileRef = E5233B442037690800F8E92F /* MeasureCell.swift */; };
		E52F976C201F9F1600EFF5BE /* CoreBluetooth.framework in Frameworks */ = {isa = PBXBuildFile; fileRef = E52F976B201F9F1600EFF5BE /* CoreBluetooth.framework */; };
		E5330D79205DC53800764D38 /* Impedance.swift in Sources */ = {isa = PBXBuildFile; fileRef = E5330D78205DC53800764D38 /* Impedance.swift */; };
		E544CD87205346DF007C8292 /* ExamDetailView.swift in Sources */ = {isa = PBXBuildFile; fileRef = E544CD86205346DF007C8292 /* ExamDetailView.swift */; };
		E5491BA9202A318F006796A0 /* ExamCell.swift in Sources */ = {isa = PBXBuildFile; fileRef = E5491BA8202A318E006796A0 /* ExamCell.swift */; };
		E551FB6D2032299F002BA130 /* SettingsTab.storyboard in Resources */ = {isa = PBXBuildFile; fileRef = E551FB6C2032299F002BA130 /* SettingsTab.storyboard */; };
		E567B64F2020EB7800BEBF21 /* ListExamView.swift in Sources */ = {isa = PBXBuildFile; fileRef = E567B64E2020EB7800BEBF21 /* ListExamView.swift */; };
		E567B6512020EBA900BEBF21 /* Exam.swift in Sources */ = {isa = PBXBuildFile; fileRef = E567B6502020EBA900BEBF21 /* Exam.swift */; };
		E567B6532020EDC300BEBF21 /* ExamsDataSource.swift in Sources */ = {isa = PBXBuildFile; fileRef = E567B6522020EDC300BEBF21 /* ExamsDataSource.swift */; };
		E5847CCA205D90DF00C47FD1 /* BIVA.swift in Sources */ = {isa = PBXBuildFile; fileRef = E5847CC9205D90DF00C47FD1 /* BIVA.swift */; };
		E5847CCC205D918A00C47FD1 /* ChartDefaults.swift in Sources */ = {isa = PBXBuildFile; fileRef = E5847CCB205D918A00C47FD1 /* ChartDefaults.swift */; };
		E58DEA2D201BD04400C3FDE4 /* PatientDetailView.swift in Sources */ = {isa = PBXBuildFile; fileRef = E58DEA1F201BD04300C3FDE4 /* PatientDetailView.swift */; };
		E58DEA2E201BD04400C3FDE4 /* DevicesDataSource.swift in Sources */ = {isa = PBXBuildFile; fileRef = E58DEA20201BD04300C3FDE4 /* DevicesDataSource.swift */; };
		E58DEA30201BD04400C3FDE4 /* Device.swift in Sources */ = {isa = PBXBuildFile; fileRef = E58DEA22201BD04300C3FDE4 /* Device.swift */; };
		E58DEA31201BD04400C3FDE4 /* PatientDataSource.swift in Sources */ = {isa = PBXBuildFile; fileRef = E58DEA23201BD04300C3FDE4 /* PatientDataSource.swift */; };
		E58DEA32201BD04400C3FDE4 /* BTDiscovery.swift in Sources */ = {isa = PBXBuildFile; fileRef = E58DEA24201BD04300C3FDE4 /* BTDiscovery.swift */; };
		E58DEA33201BD04400C3FDE4 /* DeviceCell.swift in Sources */ = {isa = PBXBuildFile; fileRef = E58DEA25201BD04300C3FDE4 /* DeviceCell.swift */; };
		E58DEA34201BD04400C3FDE4 /* ListPeripheralView.swift in Sources */ = {isa = PBXBuildFile; fileRef = E58DEA26201BD04300C3FDE4 /* ListPeripheralView.swift */; };
		E58DEA35201BD04400C3FDE4 /* NewPatientView.swift in Sources */ = {isa = PBXBuildFile; fileRef = E58DEA27201BD04300C3FDE4 /* NewPatientView.swift */; };
		E58DEA36201BD04400C3FDE4 /* Patient.swift in Sources */ = {isa = PBXBuildFile; fileRef = E58DEA28201BD04300C3FDE4 /* Patient.swift */; };
		E58DEA37201BD04400C3FDE4 /* BTService.swift in Sources */ = {isa = PBXBuildFile; fileRef = E58DEA29201BD04300C3FDE4 /* BTService.swift */; };
		E58DEA3A201BD04400C3FDE4 /* PatientCell.swift in Sources */ = {isa = PBXBuildFile; fileRef = E58DEA2C201BD04300C3FDE4 /* PatientCell.swift */; };
		E58DEA43201BD43700C3FDE4 /* ListPatientView.swift in Sources */ = {isa = PBXBuildFile; fileRef = E58DEA42201BD43700C3FDE4 /* ListPatientView.swift */; };
		E58EEC80205167E100FC1F5E /* SelectSegmentView.swift in Sources */ = {isa = PBXBuildFile; fileRef = E58EEC7F205167E100FC1F5E /* SelectSegmentView.swift */; };
		E58EEC86205185B900FC1F5E /* Segment.swift in Sources */ = {isa = PBXBuildFile; fileRef = E58EEC85205185B900FC1F5E /* Segment.swift */; };
		E58EEC88205189C200FC1F5E /* SegmentCell.swift in Sources */ = {isa = PBXBuildFile; fileRef = E58EEC87205189C200FC1F5E /* SegmentCell.swift */; };
		E58EEC8A20518BAC00FC1F5E /* SegmentDatasource.swift in Sources */ = {isa = PBXBuildFile; fileRef = E58EEC8920518BAC00FC1F5E /* SegmentDatasource.swift */; };
		E596B5742046FA1300CEC9C6 /* Database.swift in Sources */ = {isa = PBXBuildFile; fileRef = E596B5732046FA1300CEC9C6 /* Database.swift */; };
		E596B5762047453E00CEC9C6 /* Cartfile in Resources */ = {isa = PBXBuildFile; fileRef = E596B5752047453E00CEC9C6 /* Cartfile */; };
		E596B57C20475EC300CEC9C6 /* SelectPatientView.swift in Sources */ = {isa = PBXBuildFile; fileRef = E596B57B20475EC300CEC9C6 /* SelectPatientView.swift */; };
		E59767551F97E5B800083C11 /* AppDelegate.swift in Sources */ = {isa = PBXBuildFile; fileRef = E59767541F97E5B800083C11 /* AppDelegate.swift */; };
		E597675C1F97E5B800083C11 /* Main.storyboard in Resources */ = {isa = PBXBuildFile; fileRef = E597675A1F97E5B800083C11 /* Main.storyboard */; };
		E597675E1F97E5B800083C11 /* Assets.xcassets in Resources */ = {isa = PBXBuildFile; fileRef = E597675D1F97E5B800083C11 /* Assets.xcassets */; };
		E59767611F97E5B800083C11 /* LaunchScreen.storyboard in Resources */ = {isa = PBXBuildFile; fileRef = E597675F1F97E5B800083C11 /* LaunchScreen.storyboard */; };
		E597676C1F97E5B800083C11 /* mbi_appTests.swift in Sources */ = {isa = PBXBuildFile; fileRef = E597676B1F97E5B800083C11 /* mbi_appTests.swift */; };
		E59767771F97E5B800083C11 /* mbi_appUITests.swift in Sources */ = {isa = PBXBuildFile; fileRef = E59767761F97E5B800083C11 /* mbi_appUITests.swift */; };
		E5BF57C1205964B700CFBF2C /* SwiftCharts.framework in Frameworks */ = {isa = PBXBuildFile; fileRef = E5BF57C0205964B700CFBF2C /* SwiftCharts.framework */; };
		E5BF57C2205964B700CFBF2C /* SwiftCharts.framework in Embed Frameworks */ = {isa = PBXBuildFile; fileRef = E5BF57C0205964B700CFBF2C /* SwiftCharts.framework */; settings = {ATTRIBUTES = (CodeSignOnCopy, RemoveHeadersOnCopy, ); }; };
		E5CCDF5520534DC5003B1406 /* SQLite.framework in Frameworks */ = {isa = PBXBuildFile; fileRef = E5CCDF5120534DA6003B1406 /* SQLite.framework */; };
		E5CCDF5620534DC5003B1406 /* SQLite.framework in Embed Frameworks */ = {isa = PBXBuildFile; fileRef = E5CCDF5120534DA6003B1406 /* SQLite.framework */; settings = {ATTRIBUTES = (CodeSignOnCopy, RemoveHeadersOnCopy, ); }; };
		E5E568F7204EEDD5009AC05D /* SelectableCell.swift in Sources */ = {isa = PBXBuildFile; fileRef = E5E568F6204EEDD5009AC05D /* SelectableCell.swift */; };
/* End PBXBuildFile section */

/* Begin PBXContainerItemProxy section */
		E59767681F97E5B800083C11 /* PBXContainerItemProxy */ = {
			isa = PBXContainerItemProxy;
			containerPortal = E59767491F97E5B800083C11 /* Project object */;
			proxyType = 1;
			remoteGlobalIDString = E59767501F97E5B800083C11;
			remoteInfo = "mbi-app";
		};
		E59767731F97E5B800083C11 /* PBXContainerItemProxy */ = {
			isa = PBXContainerItemProxy;
			containerPortal = E59767491F97E5B800083C11 /* Project object */;
			proxyType = 1;
			remoteGlobalIDString = E59767501F97E5B800083C11;
			remoteInfo = "mbi-app";
		};
/* End PBXContainerItemProxy section */

/* Begin PBXCopyFilesBuildPhase section */
		E596B57A2047479800CEC9C6 /* Embed Frameworks */ = {
			isa = PBXCopyFilesBuildPhase;
			buildActionMask = 2147483647;
			dstPath = "";
			dstSubfolderSpec = 10;
			files = (
				E5CCDF5620534DC5003B1406 /* SQLite.framework in Embed Frameworks */,
				E5BF57C2205964B700CFBF2C /* SwiftCharts.framework in Embed Frameworks */,
			);
			name = "Embed Frameworks";
			runOnlyForDeploymentPostprocessing = 0;
		};
/* End PBXCopyFilesBuildPhase section */

/* Begin PBXFileReference section */
		E507F67E20360C160058280A /* NewExamView.swift */ = {isa = PBXFileReference; lastKnownFileType = sourcecode.swift; name = NewExamView.swift; path = "mbi-app/src/view/NewExamView.swift"; sourceTree = SOURCE_ROOT; };
		E507F68020360CC00058280A /* ExamsTab.storyboard */ = {isa = PBXFileReference; lastKnownFileType = file.storyboard; path = ExamsTab.storyboard; sourceTree = "<group>"; };
		E507F68220360CCB0058280A /* PatientsTab.storyboard */ = {isa = PBXFileReference; lastKnownFileType = file.storyboard; path = PatientsTab.storyboard; sourceTree = "<group>"; };
		E507F684203627360058280A /* SelectMeasureView.swift */ = {isa = PBXFileReference; lastKnownFileType = sourcecode.swift; path = SelectMeasureView.swift; sourceTree = "<group>"; };
		E5233B40203761B700F8E92F /* MeasuresDataSource.swift */ = {isa = PBXFileReference; lastKnownFileType = sourcecode.swift; path = MeasuresDataSource.swift; sourceTree = "<group>"; };
		E5233B422037620B00F8E92F /* Measure.swift */ = {isa = PBXFileReference; lastKnownFileType = sourcecode.swift; path = Measure.swift; sourceTree = "<group>"; };
		E5233B442037690800F8E92F /* MeasureCell.swift */ = {isa = PBXFileReference; lastKnownFileType = sourcecode.swift; path = MeasureCell.swift; sourceTree = "<group>"; };
		E52F9769201F9E0E00EFF5BE /* mbi-app.entitlements */ = {isa = PBXFileReference; lastKnownFileType = text.plist.entitlements; path = "mbi-app.entitlements"; sourceTree = "<group>"; };
		E52F976A201F9E4E00EFF5BE /* pt-BR */ = {isa = PBXFileReference; lastKnownFileType = text.plist.strings; name = "pt-BR"; path = "pt-BR.lproj/Main.strings"; sourceTree = "<group>"; };
		E52F976B201F9F1600EFF5BE /* CoreBluetooth.framework */ = {isa = PBXFileReference; lastKnownFileType = wrapper.framework; name = CoreBluetooth.framework; path = System/Library/Frameworks/CoreBluetooth.framework; sourceTree = SDKROOT; };
		E5330D78205DC53800764D38 /* Impedance.swift */ = {isa = PBXFileReference; lastKnownFileType = sourcecode.swift; path = Impedance.swift; sourceTree = "<group>"; };
		E544CD86205346DF007C8292 /* ExamDetailView.swift */ = {isa = PBXFileReference; lastKnownFileType = sourcecode.swift; path = ExamDetailView.swift; sourceTree = "<group>"; };
		E5491BA8202A318E006796A0 /* ExamCell.swift */ = {isa = PBXFileReference; lastKnownFileType = sourcecode.swift; path = ExamCell.swift; sourceTree = "<group>"; };
		E551FB6C2032299F002BA130 /* SettingsTab.storyboard */ = {isa = PBXFileReference; lastKnownFileType = file.storyboard; path = SettingsTab.storyboard; sourceTree = "<group>"; };
		E567B64E2020EB7800BEBF21 /* ListExamView.swift */ = {isa = PBXFileReference; lastKnownFileType = sourcecode.swift; path = ListExamView.swift; sourceTree = "<group>"; };
		E567B6502020EBA900BEBF21 /* Exam.swift */ = {isa = PBXFileReference; lastKnownFileType = sourcecode.swift; path = Exam.swift; sourceTree = "<group>"; };
		E567B6522020EDC300BEBF21 /* ExamsDataSource.swift */ = {isa = PBXFileReference; lastKnownFileType = sourcecode.swift; path = ExamsDataSource.swift; sourceTree = "<group>"; };
		E5847CC9205D90DF00C47FD1 /* BIVA.swift */ = {isa = PBXFileReference; lastKnownFileType = sourcecode.swift; path = BIVA.swift; sourceTree = "<group>"; };
		E5847CCB205D918A00C47FD1 /* ChartDefaults.swift */ = {isa = PBXFileReference; lastKnownFileType = sourcecode.swift; path = ChartDefaults.swift; sourceTree = "<group>"; };
		E58DEA1F201BD04300C3FDE4 /* PatientDetailView.swift */ = {isa = PBXFileReference; fileEncoding = 4; lastKnownFileType = sourcecode.swift; path = PatientDetailView.swift; sourceTree = "<group>"; };
		E58DEA20201BD04300C3FDE4 /* DevicesDataSource.swift */ = {isa = PBXFileReference; fileEncoding = 4; lastKnownFileType = sourcecode.swift; path = DevicesDataSource.swift; sourceTree = "<group>"; };
		E58DEA22201BD04300C3FDE4 /* Device.swift */ = {isa = PBXFileReference; fileEncoding = 4; lastKnownFileType = sourcecode.swift; path = Device.swift; sourceTree = "<group>"; };
		E58DEA23201BD04300C3FDE4 /* PatientDataSource.swift */ = {isa = PBXFileReference; fileEncoding = 4; lastKnownFileType = sourcecode.swift; path = PatientDataSource.swift; sourceTree = "<group>"; };
		E58DEA24201BD04300C3FDE4 /* BTDiscovery.swift */ = {isa = PBXFileReference; fileEncoding = 4; lastKnownFileType = sourcecode.swift; path = BTDiscovery.swift; sourceTree = "<group>"; };
		E58DEA25201BD04300C3FDE4 /* DeviceCell.swift */ = {isa = PBXFileReference; fileEncoding = 4; lastKnownFileType = sourcecode.swift; path = DeviceCell.swift; sourceTree = "<group>"; };
		E58DEA26201BD04300C3FDE4 /* ListPeripheralView.swift */ = {isa = PBXFileReference; fileEncoding = 4; lastKnownFileType = sourcecode.swift; path = ListPeripheralView.swift; sourceTree = "<group>"; };
		E58DEA27201BD04300C3FDE4 /* NewPatientView.swift */ = {isa = PBXFileReference; fileEncoding = 4; lastKnownFileType = sourcecode.swift; path = NewPatientView.swift; sourceTree = "<group>"; };
		E58DEA28201BD04300C3FDE4 /* Patient.swift */ = {isa = PBXFileReference; fileEncoding = 4; lastKnownFileType = sourcecode.swift; path = Patient.swift; sourceTree = "<group>"; };
		E58DEA29201BD04300C3FDE4 /* BTService.swift */ = {isa = PBXFileReference; fileEncoding = 4; lastKnownFileType = sourcecode.swift; path = BTService.swift; sourceTree = "<group>"; };
		E58DEA2C201BD04300C3FDE4 /* PatientCell.swift */ = {isa = PBXFileReference; fileEncoding = 4; lastKnownFileType = sourcecode.swift; path = PatientCell.swift; sourceTree = "<group>"; };
		E58DEA42201BD43700C3FDE4 /* ListPatientView.swift */ = {isa = PBXFileReference; lastKnownFileType = sourcecode.swift; path = ListPatientView.swift; sourceTree = "<group>"; };
		E58EEC7F205167E100FC1F5E /* SelectSegmentView.swift */ = {isa = PBXFileReference; lastKnownFileType = sourcecode.swift; path = SelectSegmentView.swift; sourceTree = "<group>"; };
		E58EEC85205185B900FC1F5E /* Segment.swift */ = {isa = PBXFileReference; lastKnownFileType = sourcecode.swift; path = Segment.swift; sourceTree = "<group>"; };
		E58EEC87205189C200FC1F5E /* SegmentCell.swift */ = {isa = PBXFileReference; lastKnownFileType = sourcecode.swift; path = SegmentCell.swift; sourceTree = "<group>"; };
		E58EEC8920518BAC00FC1F5E /* SegmentDatasource.swift */ = {isa = PBXFileReference; lastKnownFileType = sourcecode.swift; path = SegmentDatasource.swift; sourceTree = "<group>"; };
		E596B5732046FA1300CEC9C6 /* Database.swift */ = {isa = PBXFileReference; lastKnownFileType = sourcecode.swift; path = Database.swift; sourceTree = "<group>"; };
		E596B5752047453E00CEC9C6 /* Cartfile */ = {isa = PBXFileReference; lastKnownFileType = text; path = Cartfile; sourceTree = "<group>"; };
		E596B57B20475EC300CEC9C6 /* SelectPatientView.swift */ = {isa = PBXFileReference; lastKnownFileType = sourcecode.swift; path = SelectPatientView.swift; sourceTree = "<group>"; };
		E59767511F97E5B800083C11 /* mbi-app.app */ = {isa = PBXFileReference; explicitFileType = wrapper.application; includeInIndex = 0; path = "mbi-app.app"; sourceTree = BUILT_PRODUCTS_DIR; };
		E59767541F97E5B800083C11 /* AppDelegate.swift */ = {isa = PBXFileReference; lastKnownFileType = sourcecode.swift; path = AppDelegate.swift; sourceTree = "<group>"; };
		E597675B1F97E5B800083C11 /* Base */ = {isa = PBXFileReference; lastKnownFileType = file.storyboard; name = Base; path = Base.lproj/Main.storyboard; sourceTree = "<group>"; };
		E597675D1F97E5B800083C11 /* Assets.xcassets */ = {isa = PBXFileReference; lastKnownFileType = folder.assetcatalog; path = Assets.xcassets; sourceTree = "<group>"; };
		E59767601F97E5B800083C11 /* Base */ = {isa = PBXFileReference; lastKnownFileType = file.storyboard; name = Base; path = Base.lproj/LaunchScreen.storyboard; sourceTree = "<group>"; };
		E59767621F97E5B800083C11 /* Info.plist */ = {isa = PBXFileReference; lastKnownFileType = text.plist.xml; path = Info.plist; sourceTree = "<group>"; };
		E59767671F97E5B800083C11 /* mbi-appTests.xctest */ = {isa = PBXFileReference; explicitFileType = wrapper.cfbundle; includeInIndex = 0; path = "mbi-appTests.xctest"; sourceTree = BUILT_PRODUCTS_DIR; };
		E597676B1F97E5B800083C11 /* mbi_appTests.swift */ = {isa = PBXFileReference; lastKnownFileType = sourcecode.swift; path = mbi_appTests.swift; sourceTree = "<group>"; };
		E597676D1F97E5B800083C11 /* Info.plist */ = {isa = PBXFileReference; lastKnownFileType = text.plist.xml; path = Info.plist; sourceTree = "<group>"; };
		E59767721F97E5B800083C11 /* mbi-appUITests.xctest */ = {isa = PBXFileReference; explicitFileType = wrapper.cfbundle; includeInIndex = 0; path = "mbi-appUITests.xctest"; sourceTree = BUILT_PRODUCTS_DIR; };
		E59767761F97E5B800083C11 /* mbi_appUITests.swift */ = {isa = PBXFileReference; lastKnownFileType = sourcecode.swift; path = mbi_appUITests.swift; sourceTree = "<group>"; };
		E59767781F97E5B800083C11 /* Info.plist */ = {isa = PBXFileReference; lastKnownFileType = text.plist.xml; path = Info.plist; sourceTree = "<group>"; };
		E5BF57C0205964B700CFBF2C /* SwiftCharts.framework */ = {isa = PBXFileReference; lastKnownFileType = wrapper.framework; path = SwiftCharts.framework; sourceTree = "<group>"; };
		E5CCDF5120534DA6003B1406 /* SQLite.framework */ = {isa = PBXFileReference; lastKnownFileType = wrapper.framework; name = SQLite.framework; path = Carthage/Build/iOS/SQLite.framework; sourceTree = "<group>"; };
		E5E568F6204EEDD5009AC05D /* SelectableCell.swift */ = {isa = PBXFileReference; lastKnownFileType = sourcecode.swift; path = SelectableCell.swift; sourceTree = "<group>"; };
		E5F7601C1F9E67E900B7DFB9 /* libsqlite3.tbd */ = {isa = PBXFileReference; lastKnownFileType = "sourcecode.text-based-dylib-definition"; name = libsqlite3.tbd; path = usr/lib/libsqlite3.tbd; sourceTree = SDKROOT; };
/* End PBXFileReference section */

/* Begin PBXFrameworksBuildPhase section */
		E597674E1F97E5B800083C11 /* Frameworks */ = {
			isa = PBXFrameworksBuildPhase;
			buildActionMask = 2147483647;
			files = (
				E5BF57C1205964B700CFBF2C /* SwiftCharts.framework in Frameworks */,
				E5CCDF5520534DC5003B1406 /* SQLite.framework in Frameworks */,
				E52F976C201F9F1600EFF5BE /* CoreBluetooth.framework in Frameworks */,
			);
			runOnlyForDeploymentPostprocessing = 0;
		};
		E59767641F97E5B800083C11 /* Frameworks */ = {
			isa = PBXFrameworksBuildPhase;
			buildActionMask = 2147483647;
			files = (
			);
			runOnlyForDeploymentPostprocessing = 0;
		};
		E597676F1F97E5B800083C11 /* Frameworks */ = {
			isa = PBXFrameworksBuildPhase;
			buildActionMask = 2147483647;
			files = (
			);
			runOnlyForDeploymentPostprocessing = 0;
		};
/* End PBXFrameworksBuildPhase section */

/* Begin PBXGroup section */
		E58DEA3B201BD05500C3FDE4 /* src */ = {
			isa = PBXGroup;
			children = (
				E58DEA3E201BD07500C3FDE4 /* cell */,
				E58DEA40201BD08400C3FDE4 /* datasource */,
				E58DEA3C201BD05900C3FDE4 /* modules */,
				E58DEA3D201BD06600C3FDE4 /* structures */,
				E58DEA41201BD09100C3FDE4 /* view */,
			);
			path = src;
			sourceTree = "<group>";
		};
		E58DEA3C201BD05900C3FDE4 /* modules */ = {
			isa = PBXGroup;
			children = (
				E58DEA24201BD04300C3FDE4 /* BTDiscovery.swift */,
				E58DEA29201BD04300C3FDE4 /* BTService.swift */,
				E596B5732046FA1300CEC9C6 /* Database.swift */,
				E5847CC9205D90DF00C47FD1 /* BIVA.swift */,
			);
			path = modules;
			sourceTree = "<group>";
		};
		E58DEA3D201BD06600C3FDE4 /* structures */ = {
			isa = PBXGroup;
			children = (
				E5330D78205DC53800764D38 /* Impedance.swift */,
				E5847CCB205D918A00C47FD1 /* ChartDefaults.swift */,
				E58DEA22201BD04300C3FDE4 /* Device.swift */,
				E567B6502020EBA900BEBF21 /* Exam.swift */,
				E5233B422037620B00F8E92F /* Measure.swift */,
				E58DEA28201BD04300C3FDE4 /* Patient.swift */,
				E58EEC85205185B900FC1F5E /* Segment.swift */,
			);
			path = structures;
			sourceTree = "<group>";
		};
		E58DEA3E201BD07500C3FDE4 /* cell */ = {
			isa = PBXGroup;
			children = (
				E58DEA25201BD04300C3FDE4 /* DeviceCell.swift */,
				E5491BA8202A318E006796A0 /* ExamCell.swift */,
				E5233B442037690800F8E92F /* MeasureCell.swift */,
				E58DEA2C201BD04300C3FDE4 /* PatientCell.swift */,
				E58EEC87205189C200FC1F5E /* SegmentCell.swift */,
				E5E568F6204EEDD5009AC05D /* SelectableCell.swift */,
			);
			path = cell;
			sourceTree = "<group>";
		};
		E58DEA40201BD08400C3FDE4 /* datasource */ = {
			isa = PBXGroup;
			children = (
				E58EEC8920518BAC00FC1F5E /* SegmentDatasource.swift */,
				E58DEA20201BD04300C3FDE4 /* DevicesDataSource.swift */,
				E567B6522020EDC300BEBF21 /* ExamsDataSource.swift */,
				E5233B40203761B700F8E92F /* MeasuresDataSource.swift */,
				E58DEA23201BD04300C3FDE4 /* PatientDataSource.swift */,
			);
			path = datasource;
			sourceTree = "<group>";
		};
		E58DEA41201BD09100C3FDE4 /* view */ = {
			isa = PBXGroup;
			children = (
				E58EEC8220516A3B00FC1F5E /* Creation */,
				E58EEC8320516A4400FC1F5E /* Detailing */,
				E58EEC812051698400FC1F5E /* Listing */,
				E58EEC8420516A4A00FC1F5E /* Selecting */,
			);
			path = view;
			sourceTree = "<group>";
		};
		E58EEC812051698400FC1F5E /* Listing */ = {
			isa = PBXGroup;
			children = (
				E567B64E2020EB7800BEBF21 /* ListExamView.swift */,
				E58DEA42201BD43700C3FDE4 /* ListPatientView.swift */,
				E58DEA26201BD04300C3FDE4 /* ListPeripheralView.swift */,
			);
			name = Listing;
			sourceTree = "<group>";
		};
		E58EEC8220516A3B00FC1F5E /* Creation */ = {
			isa = PBXGroup;
			children = (
				E507F67E20360C160058280A /* NewExamView.swift */,
				E58DEA27201BD04300C3FDE4 /* NewPatientView.swift */,
			);
			name = Creation;
			sourceTree = "<group>";
		};
		E58EEC8320516A4400FC1F5E /* Detailing */ = {
			isa = PBXGroup;
			children = (
				E58DEA1F201BD04300C3FDE4 /* PatientDetailView.swift */,
				E544CD86205346DF007C8292 /* ExamDetailView.swift */,
			);
			name = Detailing;
			sourceTree = "<group>";
		};
		E58EEC8420516A4A00FC1F5E /* Selecting */ = {
			isa = PBXGroup;
			children = (
				E507F684203627360058280A /* SelectMeasureView.swift */,
				E596B57B20475EC300CEC9C6 /* SelectPatientView.swift */,
				E58EEC7F205167E100FC1F5E /* SelectSegmentView.swift */,
			);
			name = Selecting;
			sourceTree = "<group>";
		};
		E59767481F97E5B800083C11 = {
			isa = PBXGroup;
			children = (
				E596B5752047453E00CEC9C6 /* Cartfile */,
				E5F7601B1F9E67E800B7DFB9 /* Frameworks */,
				E59767531F97E5B800083C11 /* mbi-app */,
				E597676A1F97E5B800083C11 /* mbi-appTests */,
				E59767751F97E5B800083C11 /* mbi-appUITests */,
				E59767521F97E5B800083C11 /* Products */,
			);
			sourceTree = "<group>";
		};
		E59767521F97E5B800083C11 /* Products */ = {
			isa = PBXGroup;
			children = (
				E59767511F97E5B800083C11 /* mbi-app.app */,
				E59767671F97E5B800083C11 /* mbi-appTests.xctest */,
				E59767721F97E5B800083C11 /* mbi-appUITests.xctest */,
			);
			name = Products;
			sourceTree = "<group>";
		};
		E59767531F97E5B800083C11 /* mbi-app */ = {
			isa = PBXGroup;
			children = (
				E52F9769201F9E0E00EFF5BE /* mbi-app.entitlements */,
				E58DEA3B201BD05500C3FDE4 /* src */,
				E59767621F97E5B800083C11 /* Info.plist */,
				E59767541F97E5B800083C11 /* AppDelegate.swift */,
				E597675D1F97E5B800083C11 /* Assets.xcassets */,
				E597675F1F97E5B800083C11 /* LaunchScreen.storyboard */,
				E597675A1F97E5B800083C11 /* Main.storyboard */,
				E507F68020360CC00058280A /* ExamsTab.storyboard */,
				E507F68220360CCB0058280A /* PatientsTab.storyboard */,
				E551FB6C2032299F002BA130 /* SettingsTab.storyboard */,
			);
			path = "mbi-app";
			sourceTree = "<group>";
		};
		E597676A1F97E5B800083C11 /* mbi-appTests */ = {
			isa = PBXGroup;
			children = (
				E597676B1F97E5B800083C11 /* mbi_appTests.swift */,
				E597676D1F97E5B800083C11 /* Info.plist */,
			);
			path = "mbi-appTests";
			sourceTree = "<group>";
		};
		E59767751F97E5B800083C11 /* mbi-appUITests */ = {
			isa = PBXGroup;
			children = (
				E59767761F97E5B800083C11 /* mbi_appUITests.swift */,
				E59767781F97E5B800083C11 /* Info.plist */,
			);
			path = "mbi-appUITests";
			sourceTree = "<group>";
		};
		E5F7601B1F9E67E800B7DFB9 /* Frameworks */ = {
			isa = PBXGroup;
			children = (
				E5BF57C0205964B700CFBF2C /* SwiftCharts.framework */,
				E5CCDF5120534DA6003B1406 /* SQLite.framework */,
				E52F976B201F9F1600EFF5BE /* CoreBluetooth.framework */,
				E5F7601C1F9E67E900B7DFB9 /* libsqlite3.tbd */,
			);
			name = Frameworks;
			sourceTree = "<group>";
		};
/* End PBXGroup section */

/* Begin PBXNativeTarget section */
		E59767501F97E5B800083C11 /* mbi-app */ = {
			isa = PBXNativeTarget;
			buildConfigurationList = E597677B1F97E5B800083C11 /* Build configuration list for PBXNativeTarget "mbi-app" */;
			buildPhases = (
				E597674D1F97E5B800083C11 /* Sources */,
				E597674E1F97E5B800083C11 /* Frameworks */,
				E597674F1F97E5B800083C11 /* Resources */,
				E596B57A2047479800CEC9C6 /* Embed Frameworks */,
			);
			buildRules = (
			);
			dependencies = (
			);
			name = "mbi-app";
			productName = "mbi-app";
			productReference = E59767511F97E5B800083C11 /* mbi-app.app */;
			productType = "com.apple.product-type.application";
		};
		E59767661F97E5B800083C11 /* mbi-appTests */ = {
			isa = PBXNativeTarget;
			buildConfigurationList = E597677E1F97E5B800083C11 /* Build configuration list for PBXNativeTarget "mbi-appTests" */;
			buildPhases = (
				E59767631F97E5B800083C11 /* Sources */,
				E59767641F97E5B800083C11 /* Frameworks */,
				E59767651F97E5B800083C11 /* Resources */,
			);
			buildRules = (
			);
			dependencies = (
				E59767691F97E5B800083C11 /* PBXTargetDependency */,
			);
			name = "mbi-appTests";
			productName = "mbi-appTests";
			productReference = E59767671F97E5B800083C11 /* mbi-appTests.xctest */;
			productType = "com.apple.product-type.bundle.unit-test";
		};
		E59767711F97E5B800083C11 /* mbi-appUITests */ = {
			isa = PBXNativeTarget;
			buildConfigurationList = E59767811F97E5B800083C11 /* Build configuration list for PBXNativeTarget "mbi-appUITests" */;
			buildPhases = (
				E597676E1F97E5B800083C11 /* Sources */,
				E597676F1F97E5B800083C11 /* Frameworks */,
				E59767701F97E5B800083C11 /* Resources */,
			);
			buildRules = (
			);
			dependencies = (
				E59767741F97E5B800083C11 /* PBXTargetDependency */,
			);
			name = "mbi-appUITests";
			productName = "mbi-appUITests";
			productReference = E59767721F97E5B800083C11 /* mbi-appUITests.xctest */;
			productType = "com.apple.product-type.bundle.ui-testing";
		};
/* End PBXNativeTarget section */

/* Begin PBXProject section */
		E59767491F97E5B800083C11 /* Project object */ = {
			isa = PBXProject;
			attributes = {
				LastSwiftUpdateCheck = 0900;
				LastUpgradeCheck = 0900;
				ORGANIZATIONNAME = "M.A. Eng.";
				TargetAttributes = {
					E59767501F97E5B800083C11 = {
						CreatedOnToolsVersion = 9.0;
						ProvisioningStyle = Automatic;
						SystemCapabilities = {
							com.apple.BackgroundModes = {
								enabled = 1;
							};
							com.apple.WAC = {
								enabled = 0;
							};
						};
					};
					E59767661F97E5B800083C11 = {
						CreatedOnToolsVersion = 9.0;
						ProvisioningStyle = Automatic;
						TestTargetID = E59767501F97E5B800083C11;
					};
					E59767711F97E5B800083C11 = {
						CreatedOnToolsVersion = 9.0;
						ProvisioningStyle = Automatic;
						TestTargetID = E59767501F97E5B800083C11;
					};
				};
			};
			buildConfigurationList = E597674C1F97E5B800083C11 /* Build configuration list for PBXProject "mbi-app" */;
			compatibilityVersion = "Xcode 8.0";
			developmentRegion = en;
			hasScannedForEncodings = 0;
			knownRegions = (
				en,
				Base,
			);
			mainGroup = E59767481F97E5B800083C11;
			productRefGroup = E59767521F97E5B800083C11 /* Products */;
			projectDirPath = "";
			projectRoot = "";
			targets = (
				E59767501F97E5B800083C11 /* mbi-app */,
				E59767661F97E5B800083C11 /* mbi-appTests */,
				E59767711F97E5B800083C11 /* mbi-appUITests */,
			);
		};
/* End PBXProject section */

/* Begin PBXResourcesBuildPhase section */
		E597674F1F97E5B800083C11 /* Resources */ = {
			isa = PBXResourcesBuildPhase;
			buildActionMask = 2147483647;
			files = (
				E596B5762047453E00CEC9C6 /* Cartfile in Resources */,
				E551FB6D2032299F002BA130 /* SettingsTab.storyboard in Resources */,
				E59767611F97E5B800083C11 /* LaunchScreen.storyboard in Resources */,
				E597675E1F97E5B800083C11 /* Assets.xcassets in Resources */,
				E597675C1F97E5B800083C11 /* Main.storyboard in Resources */,
				E507F68120360CC00058280A /* ExamsTab.storyboard in Resources */,
				E507F68320360CCB0058280A /* PatientsTab.storyboard in Resources */,
			);
			runOnlyForDeploymentPostprocessing = 0;
		};
		E59767651F97E5B800083C11 /* Resources */ = {
			isa = PBXResourcesBuildPhase;
			buildActionMask = 2147483647;
			files = (
			);
			runOnlyForDeploymentPostprocessing = 0;
		};
		E59767701F97E5B800083C11 /* Resources */ = {
			isa = PBXResourcesBuildPhase;
			buildActionMask = 2147483647;
			files = (
			);
			runOnlyForDeploymentPostprocessing = 0;
		};
/* End PBXResourcesBuildPhase section */

/* Begin PBXSourcesBuildPhase section */
		E597674D1F97E5B800083C11 /* Sources */ = {
			isa = PBXSourcesBuildPhase;
			buildActionMask = 2147483647;
			files = (
				E58DEA43201BD43700C3FDE4 /* ListPatientView.swift in Sources */,
				E58EEC86205185B900FC1F5E /* Segment.swift in Sources */,
				E58DEA2E201BD04400C3FDE4 /* DevicesDataSource.swift in Sources */,
				E58DEA3A201BD04400C3FDE4 /* PatientCell.swift in Sources */,
				E507F685203627360058280A /* SelectMeasureView.swift in Sources */,
				E59767551F97E5B800083C11 /* AppDelegate.swift in Sources */,
				E507F67F20360C160058280A /* NewExamView.swift in Sources */,
				E58EEC80205167E100FC1F5E /* SelectSegmentView.swift in Sources */,
				E5847CCA205D90DF00C47FD1 /* BIVA.swift in Sources */,
				E5233B452037690800F8E92F /* MeasureCell.swift in Sources */,
				E567B6512020EBA900BEBF21 /* Exam.swift in Sources */,
				E5330D79205DC53800764D38 /* Impedance.swift in Sources */,
				E58DEA32201BD04400C3FDE4 /* BTDiscovery.swift in Sources */,
				E58DEA31201BD04400C3FDE4 /* PatientDataSource.swift in Sources */,
				E544CD87205346DF007C8292 /* ExamDetailView.swift in Sources */,
				E58DEA36201BD04400C3FDE4 /* Patient.swift in Sources */,
				E567B6532020EDC300BEBF21 /* ExamsDataSource.swift in Sources */,
				E5233B41203761B700F8E92F /* MeasuresDataSource.swift in Sources */,
				E58DEA35201BD04400C3FDE4 /* NewPatientView.swift in Sources */,
				E58DEA33201BD04400C3FDE4 /* DeviceCell.swift in Sources */,
				E58DEA30201BD04400C3FDE4 /* Device.swift in Sources */,
				E5491BA9202A318F006796A0 /* ExamCell.swift in Sources */,
				E58EEC88205189C200FC1F5E /* SegmentCell.swift in Sources */,
				E5E568F7204EEDD5009AC05D /* SelectableCell.swift in Sources */,
				E58DEA34201BD04400C3FDE4 /* ListPeripheralView.swift in Sources */,
				E5847CCC205D918A00C47FD1 /* ChartDefaults.swift in Sources */,
				E58EEC8A20518BAC00FC1F5E /* SegmentDatasource.swift in Sources */,
				E596B57C20475EC300CEC9C6 /* SelectPatientView.swift in Sources */,
				E58DEA37201BD04400C3FDE4 /* BTService.swift in Sources */,
				E58DEA2D201BD04400C3FDE4 /* PatientDetailView.swift in Sources */,
				E5233B432037620B00F8E92F /* Measure.swift in Sources */,
				E567B64F2020EB7800BEBF21 /* ListExamView.swift in Sources */,
				E596B5742046FA1300CEC9C6 /* Database.swift in Sources */,
			);
			runOnlyForDeploymentPostprocessing = 0;
		};
		E59767631F97E5B800083C11 /* Sources */ = {
			isa = PBXSourcesBuildPhase;
			buildActionMask = 2147483647;
			files = (
				E597676C1F97E5B800083C11 /* mbi_appTests.swift in Sources */,
			);
			runOnlyForDeploymentPostprocessing = 0;
		};
		E597676E1F97E5B800083C11 /* Sources */ = {
			isa = PBXSourcesBuildPhase;
			buildActionMask = 2147483647;
			files = (
				E59767771F97E5B800083C11 /* mbi_appUITests.swift in Sources */,
			);
			runOnlyForDeploymentPostprocessing = 0;
		};
/* End PBXSourcesBuildPhase section */

/* Begin PBXTargetDependency section */
		E59767691F97E5B800083C11 /* PBXTargetDependency */ = {
			isa = PBXTargetDependency;
			target = E59767501F97E5B800083C11 /* mbi-app */;
			targetProxy = E59767681F97E5B800083C11 /* PBXContainerItemProxy */;
		};
		E59767741F97E5B800083C11 /* PBXTargetDependency */ = {
			isa = PBXTargetDependency;
			target = E59767501F97E5B800083C11 /* mbi-app */;
			targetProxy = E59767731F97E5B800083C11 /* PBXContainerItemProxy */;
		};
/* End PBXTargetDependency section */

/* Begin PBXVariantGroup section */
		E597675A1F97E5B800083C11 /* Main.storyboard */ = {
			isa = PBXVariantGroup;
			children = (
				E597675B1F97E5B800083C11 /* Base */,
				E52F976A201F9E4E00EFF5BE /* pt-BR */,
			);
			name = Main.storyboard;
			sourceTree = "<group>";
		};
		E597675F1F97E5B800083C11 /* LaunchScreen.storyboard */ = {
			isa = PBXVariantGroup;
			children = (
				E59767601F97E5B800083C11 /* Base */,
			);
			name = LaunchScreen.storyboard;
			sourceTree = "<group>";
		};
/* End PBXVariantGroup section */

/* Begin XCBuildConfiguration section */
		E59767791F97E5B800083C11 /* Debug */ = {
			isa = XCBuildConfiguration;
			buildSettings = {
				ALWAYS_SEARCH_USER_PATHS = NO;
				CLANG_ANALYZER_LOCALIZABILITY_NONLOCALIZED = YES;
				CLANG_ANALYZER_NONNULL = YES;
				CLANG_ANALYZER_NUMBER_OBJECT_CONVERSION = YES_AGGRESSIVE;
				CLANG_CXX_LANGUAGE_STANDARD = "gnu++14";
				CLANG_CXX_LIBRARY = "libc++";
				CLANG_ENABLE_MODULES = YES;
				CLANG_ENABLE_OBJC_ARC = YES;
				CLANG_WARN_BLOCK_CAPTURE_AUTORELEASING = YES;
				CLANG_WARN_BOOL_CONVERSION = YES;
				CLANG_WARN_COMMA = YES;
				CLANG_WARN_CONSTANT_CONVERSION = YES;
				CLANG_WARN_DIRECT_OBJC_ISA_USAGE = YES_ERROR;
				CLANG_WARN_DOCUMENTATION_COMMENTS = YES;
				CLANG_WARN_EMPTY_BODY = YES;
				CLANG_WARN_ENUM_CONVERSION = YES;
				CLANG_WARN_INFINITE_RECURSION = YES;
				CLANG_WARN_INT_CONVERSION = YES;
				CLANG_WARN_NON_LITERAL_NULL_CONVERSION = YES;
				CLANG_WARN_OBJC_LITERAL_CONVERSION = YES;
				CLANG_WARN_OBJC_ROOT_CLASS = YES_ERROR;
				CLANG_WARN_RANGE_LOOP_ANALYSIS = YES;
				CLANG_WARN_STRICT_PROTOTYPES = YES;
				CLANG_WARN_SUSPICIOUS_MOVE = YES;
				CLANG_WARN_UNGUARDED_AVAILABILITY = YES_AGGRESSIVE;
				CLANG_WARN_UNREACHABLE_CODE = YES;
				CLANG_WARN__DUPLICATE_METHOD_MATCH = YES;
				CODE_SIGN_IDENTITY = "iPhone Developer";
				COPY_PHASE_STRIP = NO;
				DEBUG_INFORMATION_FORMAT = dwarf;
				ENABLE_STRICT_OBJC_MSGSEND = YES;
				ENABLE_TESTABILITY = YES;
				GCC_C_LANGUAGE_STANDARD = gnu11;
				GCC_DYNAMIC_NO_PIC = NO;
				GCC_NO_COMMON_BLOCKS = YES;
				GCC_OPTIMIZATION_LEVEL = 0;
				GCC_PREPROCESSOR_DEFINITIONS = (
					"DEBUG=1",
					"$(inherited)",
				);
				GCC_WARN_64_TO_32_BIT_CONVERSION = YES;
				GCC_WARN_ABOUT_RETURN_TYPE = YES_ERROR;
				GCC_WARN_UNDECLARED_SELECTOR = YES;
				GCC_WARN_UNINITIALIZED_AUTOS = YES_AGGRESSIVE;
				GCC_WARN_UNUSED_FUNCTION = YES;
				GCC_WARN_UNUSED_VARIABLE = YES;
				IPHONEOS_DEPLOYMENT_TARGET = 11.0;
				MTL_ENABLE_DEBUG_INFO = YES;
				ONLY_ACTIVE_ARCH = YES;
				SDKROOT = iphoneos;
				SWIFT_ACTIVE_COMPILATION_CONDITIONS = DEBUG;
				SWIFT_OPTIMIZATION_LEVEL = "-Onone";
			};
			name = Debug;
		};
		E597677A1F97E5B800083C11 /* Release */ = {
			isa = XCBuildConfiguration;
			buildSettings = {
				ALWAYS_SEARCH_USER_PATHS = NO;
				CLANG_ANALYZER_LOCALIZABILITY_NONLOCALIZED = YES;
				CLANG_ANALYZER_NONNULL = YES;
				CLANG_ANALYZER_NUMBER_OBJECT_CONVERSION = YES_AGGRESSIVE;
				CLANG_CXX_LANGUAGE_STANDARD = "gnu++14";
				CLANG_CXX_LIBRARY = "libc++";
				CLANG_ENABLE_MODULES = YES;
				CLANG_ENABLE_OBJC_ARC = YES;
				CLANG_WARN_BLOCK_CAPTURE_AUTORELEASING = YES;
				CLANG_WARN_BOOL_CONVERSION = YES;
				CLANG_WARN_COMMA = YES;
				CLANG_WARN_CONSTANT_CONVERSION = YES;
				CLANG_WARN_DIRECT_OBJC_ISA_USAGE = YES_ERROR;
				CLANG_WARN_DOCUMENTATION_COMMENTS = YES;
				CLANG_WARN_EMPTY_BODY = YES;
				CLANG_WARN_ENUM_CONVERSION = YES;
				CLANG_WARN_INFINITE_RECURSION = YES;
				CLANG_WARN_INT_CONVERSION = YES;
				CLANG_WARN_NON_LITERAL_NULL_CONVERSION = YES;
				CLANG_WARN_OBJC_LITERAL_CONVERSION = YES;
				CLANG_WARN_OBJC_ROOT_CLASS = YES_ERROR;
				CLANG_WARN_RANGE_LOOP_ANALYSIS = YES;
				CLANG_WARN_STRICT_PROTOTYPES = YES;
				CLANG_WARN_SUSPICIOUS_MOVE = YES;
				CLANG_WARN_UNGUARDED_AVAILABILITY = YES_AGGRESSIVE;
				CLANG_WARN_UNREACHABLE_CODE = YES;
				CLANG_WARN__DUPLICATE_METHOD_MATCH = YES;
				CODE_SIGN_IDENTITY = "iPhone Developer";
				COPY_PHASE_STRIP = NO;
				DEBUG_INFORMATION_FORMAT = "dwarf-with-dsym";
				ENABLE_NS_ASSERTIONS = NO;
				ENABLE_STRICT_OBJC_MSGSEND = YES;
				GCC_C_LANGUAGE_STANDARD = gnu11;
				GCC_NO_COMMON_BLOCKS = YES;
				GCC_WARN_64_TO_32_BIT_CONVERSION = YES;
				GCC_WARN_ABOUT_RETURN_TYPE = YES_ERROR;
				GCC_WARN_UNDECLARED_SELECTOR = YES;
				GCC_WARN_UNINITIALIZED_AUTOS = YES_AGGRESSIVE;
				GCC_WARN_UNUSED_FUNCTION = YES;
				GCC_WARN_UNUSED_VARIABLE = YES;
				IPHONEOS_DEPLOYMENT_TARGET = 11.0;
				MTL_ENABLE_DEBUG_INFO = NO;
				SDKROOT = iphoneos;
				SWIFT_OPTIMIZATION_LEVEL = "-Owholemodule";
				VALIDATE_PRODUCT = YES;
			};
			name = Release;
		};
		E597677C1F97E5B800083C11 /* Debug */ = {
			isa = XCBuildConfiguration;
			buildSettings = {
				ASSETCATALOG_COMPILER_APPICON_NAME = stethoscope_icon;
				"CODE_SIGN_IDENTITY[sdk=iphoneos*]" = "iPhone Developer";
				CODE_SIGN_STYLE = Automatic;
				DEVELOPMENT_TEAM = 6QU4A969CM;
				FRAMEWORK_SEARCH_PATHS = (
					"$(inherited)",
					"$(PROJECT_DIR)/Carthage/Build/iOS",
					"$(PROJECT_DIR)",
				);
				INFOPLIST_FILE = "mbi-app/Info.plist";
				LD_RUNPATH_SEARCH_PATHS = "$(inherited) @executable_path/Frameworks";
				PRODUCT_BUNDLE_IDENTIFIER = "red-beryl.mbi-app";
				PRODUCT_NAME = "$(TARGET_NAME)";
				PROVISIONING_PROFILE_SPECIFIER = "";
				SWIFT_VERSION = 4.0;
				TARGETED_DEVICE_FAMILY = "1,2";
			};
			name = Debug;
		};
		E597677D1F97E5B800083C11 /* Release */ = {
			isa = XCBuildConfiguration;
			buildSettings = {
				ASSETCATALOG_COMPILER_APPICON_NAME = stethoscope_icon;
				"CODE_SIGN_IDENTITY[sdk=iphoneos*]" = "iPhone Developer";
				CODE_SIGN_STYLE = Automatic;
				DEVELOPMENT_TEAM = 6QU4A969CM;
				FRAMEWORK_SEARCH_PATHS = (
					"$(inherited)",
					"$(PROJECT_DIR)/Carthage/Build/iOS",
					"$(PROJECT_DIR)",
				);
				INFOPLIST_FILE = "mbi-app/Info.plist";
				LD_RUNPATH_SEARCH_PATHS = "$(inherited) @executable_path/Frameworks";
				PRODUCT_BUNDLE_IDENTIFIER = "red-beryl.mbi-app";
				PRODUCT_NAME = "$(TARGET_NAME)";
				PROVISIONING_PROFILE_SPECIFIER = "";
				SWIFT_VERSION = 4.0;
				TARGETED_DEVICE_FAMILY = "1,2";
			};
			name = Release;
		};
		E597677F1F97E5B800083C11 /* Debug */ = {
			isa = XCBuildConfiguration;
			buildSettings = {
				ALWAYS_EMBED_SWIFT_STANDARD_LIBRARIES = YES;
				BUNDLE_LOADER = "$(TEST_HOST)";
				CODE_SIGN_STYLE = Automatic;
				DEVELOPMENT_TEAM = 6QU4A969CM;
				INFOPLIST_FILE = "mbi-appTests/Info.plist";
				LD_RUNPATH_SEARCH_PATHS = "$(inherited) @executable_path/Frameworks @loader_path/Frameworks";
				PRODUCT_BUNDLE_IDENTIFIER = "red-beryl.mbi-appTests";
				PRODUCT_NAME = "$(TARGET_NAME)";
				SWIFT_VERSION = 4.0;
				TARGETED_DEVICE_FAMILY = "1,2";
				TEST_HOST = "$(BUILT_PRODUCTS_DIR)/mbi-app.app/mbi-app";
			};
			name = Debug;
		};
		E59767801F97E5B800083C11 /* Release */ = {
			isa = XCBuildConfiguration;
			buildSettings = {
				ALWAYS_EMBED_SWIFT_STANDARD_LIBRARIES = YES;
				BUNDLE_LOADER = "$(TEST_HOST)";
				CODE_SIGN_STYLE = Automatic;
				DEVELOPMENT_TEAM = 6QU4A969CM;
				INFOPLIST_FILE = "mbi-appTests/Info.plist";
				LD_RUNPATH_SEARCH_PATHS = "$(inherited) @executable_path/Frameworks @loader_path/Frameworks";
				PRODUCT_BUNDLE_IDENTIFIER = "red-beryl.mbi-appTests";
				PRODUCT_NAME = "$(TARGET_NAME)";
				SWIFT_VERSION = 4.0;
				TARGETED_DEVICE_FAMILY = "1,2";
				TEST_HOST = "$(BUILT_PRODUCTS_DIR)/mbi-app.app/mbi-app";
			};
			name = Release;
		};
		E59767821F97E5B800083C11 /* Debug */ = {
			isa = XCBuildConfiguration;
			buildSettings = {
				ALWAYS_EMBED_SWIFT_STANDARD_LIBRARIES = YES;
				CODE_SIGN_STYLE = Automatic;
				DEVELOPMENT_TEAM = 6QU4A969CM;
				INFOPLIST_FILE = "mbi-appUITests/Info.plist";
				LD_RUNPATH_SEARCH_PATHS = "$(inherited) @executable_path/Frameworks @loader_path/Frameworks";
				PRODUCT_BUNDLE_IDENTIFIER = "red-beryl.mbi-appUITests";
				PRODUCT_NAME = "$(TARGET_NAME)";
				SWIFT_VERSION = 4.0;
				TARGETED_DEVICE_FAMILY = "1,2";
				TEST_TARGET_NAME = "mbi-app";
			};
			name = Debug;
		};
		E59767831F97E5B800083C11 /* Release */ = {
			isa = XCBuildConfiguration;
			buildSettings = {
				ALWAYS_EMBED_SWIFT_STANDARD_LIBRARIES = YES;
				CODE_SIGN_STYLE = Automatic;
				DEVELOPMENT_TEAM = 6QU4A969CM;
				INFOPLIST_FILE = "mbi-appUITests/Info.plist";
				LD_RUNPATH_SEARCH_PATHS = "$(inherited) @executable_path/Frameworks @loader_path/Frameworks";
				PRODUCT_BUNDLE_IDENTIFIER = "red-beryl.mbi-appUITests";
				PRODUCT_NAME = "$(TARGET_NAME)";
				SWIFT_VERSION = 4.0;
				TARGETED_DEVICE_FAMILY = "1,2";
				TEST_TARGET_NAME = "mbi-app";
			};
			name = Release;
		};
/* End XCBuildConfiguration section */

/* Begin XCConfigurationList section */
		E597674C1F97E5B800083C11 /* Build configuration list for PBXProject "mbi-app" */ = {
			isa = XCConfigurationList;
			buildConfigurations = (
				E59767791F97E5B800083C11 /* Debug */,
				E597677A1F97E5B800083C11 /* Release */,
			);
			defaultConfigurationIsVisible = 0;
			defaultConfigurationName = Release;
		};
		E597677B1F97E5B800083C11 /* Build configuration list for PBXNativeTarget "mbi-app" */ = {
			isa = XCConfigurationList;
			buildConfigurations = (
				E597677C1F97E5B800083C11 /* Debug */,
				E597677D1F97E5B800083C11 /* Release */,
			);
			defaultConfigurationIsVisible = 0;
			defaultConfigurationName = Release;
		};
		E597677E1F97E5B800083C11 /* Build configuration list for PBXNativeTarget "mbi-appTests" */ = {
			isa = XCConfigurationList;
			buildConfigurations = (
				E597677F1F97E5B800083C11 /* Debug */,
				E59767801F97E5B800083C11 /* Release */,
			);
			defaultConfigurationIsVisible = 0;
			defaultConfigurationName = Release;
		};
		E59767811F97E5B800083C11 /* Build configuration list for PBXNativeTarget "mbi-appUITests" */ = {
			isa = XCConfigurationList;
			buildConfigurations = (
				E59767821F97E5B800083C11 /* Debug */,
				E59767831F97E5B800083C11 /* Release */,
			);
			defaultConfigurationIsVisible = 0;
			defaultConfigurationName = Release;
		};
/* End XCConfigurationList section */
	};
	rootObject = E59767491F97E5B800083C11 /* Project object */;
}
